
Microsoft Visual Studio Solution File, Format Version 12.00
# Visual Studio 2013
VisualStudioVersion = 12.0.30626.0
MinimumVisualStudioVersion = 10.0.40219.1
Project("{FAE04EC0-301F-11D3-BF4B-00C04F79EFBC}") = "LibTessDotNet", "LibTessDotNet\LibTessDotNet.csproj", "{5EE39029-873A-45A0-9259-2198BF8729F4}"
EndProject
Project("{FAE04EC0-301F-11D3-BF4B-00C04F79EFBC}") = "TessBed", "TessBed\TessBed.csproj", "{AA3C13F4-2628-43D5-BAAE-751AE013C865}"
EndProject
Project("{2150E333-8FDC-42A3-9474-1A3956D46DE8}") = "Misc", "Misc", "{1E6E1C79-67C6-4979-A1D3-50A976ABB44E}"
	ProjectSection(SolutionItems) = preProject
		LICENSE.txt = LICENSE.txt
		README.md = README.md
	EndProjectSection
EndProject
Project("{FAE04EC0-301F-11D3-BF4B-00C04F79EFBC}") = "LibTessDotNet.PCL", "LibTessDotNet.PCL\LibTessDotNet.PCL.csproj", "{2AF968E2-B5D0-4951-9E7D-9AA5F03207F5}"
EndProject
Global
	GlobalSection(SolutionConfigurationPlatforms) = preSolution
		Debug|Any CPU = Debug|Any CPU
		Debug|Mixed Platforms = Debug|Mixed Platforms
		Debug|x86 = Debug|x86
		Release|Any CPU = Release|Any CPU
		Release|Mixed Platforms = Release|Mixed Platforms
		Release|x86 = Release|x86
	EndGlobalSection
	GlobalSection(ProjectConfigurationPlatforms) = postSolution
		{5EE39029-873A-45A0-9259-2198BF8729F4}.Debug|Any CPU.ActiveCfg = Debug|Any CPU
		{5EE39029-873A-45A0-9259-2198BF8729F4}.Debug|Any CPU.Build.0 = Debug|Any CPU
		{5EE39029-873A-45A0-9259-2198BF8729F4}.Debug|Mixed Platforms.ActiveCfg = Debug|Any CPU
		{5EE39029-873A-45A0-9259-2198BF8729F4}.Debug|Mixed Platforms.Build.0 = Debug|Any CPU
		{5EE39029-873A-45A0-9259-2198BF8729F4}.Debug|x86.ActiveCfg = Debug|Any CPU
		{5EE39029-873A-45A0-9259-2198BF8729F4}.Release|Any CPU.ActiveCfg = Release|Any CPU
		{5EE39029-873A-45A0-9259-2198BF8729F4}.Release|Any CPU.Build.0 = Release|Any CPU
		{5EE39029-873A-45A0-9259-2198BF8729F4}.Release|Mixed Platforms.ActiveCfg = Release|Any CPU
		{5EE39029-873A-45A0-9259-2198BF8729F4}.Release|Mixed Platforms.Build.0 = Release|Any CPU
		{5EE39029-873A-45A0-9259-2198BF8729F4}.Release|x86.ActiveCfg = Release|Any CPU
		{AA3C13F4-2628-43D5-BAAE-751AE013C865}.Debug|Any CPU.ActiveCfg = Debug|x86
		{AA3C13F4-2628-43D5-BAAE-751AE013C865}.Debug|Any CPU.Build.0 = Debug|x86
		{AA3C13F4-2628-43D5-BAAE-751AE013C865}.Debug|Mixed Platforms.ActiveCfg = Debug|x86
		{AA3C13F4-2628-43D5-BAAE-751AE013C865}.Debug|Mixed Platforms.Build.0 = Debug|x86
		{AA3C13F4-2628-43D5-BAAE-751AE013C865}.Debug|x86.ActiveCfg = Debug|x86
		{AA3C13F4-2628-43D5-BAAE-751AE013C865}.Debug|x86.Build.0 = Debug|x86
		{AA3C13F4-2628-43D5-BAAE-751AE013C865}.Release|Any CPU.ActiveCfg = Release|x86
		{AA3C13F4-2628-43D5-BAAE-751AE013C865}.Release|Any CPU.Build.0 = Release|x86
		{AA3C13F4-2628-43D5-BAAE-751AE013C865}.Release|Mixed Platforms.ActiveCfg = Release|x86
		{AA3C13F4-2628-43D5-BAAE-751AE013C865}.Release|Mixed Platforms.Build.0 = Release|x86
		{AA3C13F4-2628-43D5-BAAE-751AE013C865}.Release|x86.ActiveCfg = Release|x86
		{AA3C13F4-2628-43D5-BAAE-751AE013C865}.Release|x86.Build.0 = Release|x86
		{2AF968E2-B5D0-4951-9E7D-9AA5F03207F5}.Debug|Any CPU.ActiveCfg = Debug|Any CPU
		{2AF968E2-B5D0-4951-9E7D-9AA5F03207F5}.Debug|Any CPU.Build.0 = Debug|Any CPU
		{2AF968E2-B5D0-4951-9E7D-9AA5F03207F5}.Debug|Mixed Platforms.ActiveCfg = Debug|Any CPU
		{2AF968E2-B5D0-4951-9E7D-9AA5F03207F5}.Debug|Mixed Platforms.Build.0 = Debug|Any CPU
		{2AF968E2-B5D0-4951-9E7D-9AA5F03207F5}.Debug|x86.ActiveCfg = Debug|Any CPU
		{2AF968E2-B5D0-4951-9E7D-9AA5F03207F5}.Release|Any CPU.ActiveCfg = Release|Any CPU
		{2AF968E2-B5D0-4951-9E7D-9AA5F03207F5}.Release|Any CPU.Build.0 = Release|Any CPU
		{2AF968E2-B5D0-4951-9E7D-9AA5F03207F5}.Release|Mixed Platforms.ActiveCfg = Release|Any CPU
		{2AF968E2-B5D0-4951-9E7D-9AA5F03207F5}.Release|Mixed Platforms.Build.0 = Release|Any CPU
		{2AF968E2-B5D0-4951-9E7D-9AA5F03207F5}.Release|x86.ActiveCfg = Release|Any CPU
	EndGlobalSection
	GlobalSection(SolutionProperties) = preSolution
		HideSolutionNode = FALSE
	EndGlobalSection
EndGlobal
